// !$*UTF8*$!
{
	archiveVersion = 1;
	classes = {
	};
	objectVersion = 56;
	objects = {

/* Begin PBXBuildFile section */
		D90A43D42B0961C400CFEFA6 /* Arduino_Telent_chessApp.swift in Sources */ = {isa = PBXBuildFile; fileRef = D90A43D32B0961C400CFEFA6 /* Arduino_Telent_chessApp.swift */; };
		D90A43D62B0961C400CFEFA6 /* MainContentView.swift in Sources */ = {isa = PBXBuildFile; fileRef = D90A43D52B0961C400CFEFA6 /* MainContentView.swift */; };
		D90A43D82B0961C500CFEFA6 /* Assets.xcassets in Resources */ = {isa = PBXBuildFile; fileRef = D90A43D72B0961C500CFEFA6 /* Assets.xcassets */; };
		D90A43DB2B0961C500CFEFA6 /* Preview Assets.xcassets in Resources */ = {isa = PBXBuildFile; fileRef = D90A43DA2B0961C500CFEFA6 /* Preview Assets.xcassets */; };
		D90A43DD2B0961C500CFEFA6 /* Persistence.swift in Sources */ = {isa = PBXBuildFile; fileRef = D90A43DC2B0961C500CFEFA6 /* Persistence.swift */; };
		D90A43E02B0961C500CFEFA6 /* Arduino_Telent_chess.xcdatamodeld in Sources */ = {isa = PBXBuildFile; fileRef = D90A43DE2B0961C500CFEFA6 /* Arduino_Telent_chess.xcdatamodeld */; };
		D90A43EA2B0961C500CFEFA6 /* Arduino_Telent_chessTests.swift in Sources */ = {isa = PBXBuildFile; fileRef = D90A43E92B0961C500CFEFA6 /* Arduino_Telent_chessTests.swift */; };
		D90A43F42B0961C500CFEFA6 /* Arduino_Telent_chessUITests.swift in Sources */ = {isa = PBXBuildFile; fileRef = D90A43F32B0961C500CFEFA6 /* Arduino_Telent_chessUITests.swift */; };
		D90A43F62B0961C500CFEFA6 /* Arduino_Telent_chessUITestsLaunchTests.swift in Sources */ = {isa = PBXBuildFile; fileRef = D90A43F52B0961C500CFEFA6 /* Arduino_Telent_chessUITestsLaunchTests.swift */; };
		D96178252B1A871D00120EAE /* VrersionBuild.swift in Sources */ = {isa = PBXBuildFile; fileRef = D96178242B1A871D00120EAE /* VrersionBuild.swift */; };
		D96A69452B0AAD7F00AB7F2E /* Buttons.swift in Sources */ = {isa = PBXBuildFile; fileRef = D96A69442B0AAD7F00AB7F2E /* Buttons.swift */; };
		D9C6287C2B17F3B300E1AA60 /* GameView.swift in Sources */ = {isa = PBXBuildFile; fileRef = D9C6287B2B17F3B300E1AA60 /* GameView.swift */; };
		D9C6287E2B192E2400E1AA60 /* TitlesView.swift in Sources */ = {isa = PBXBuildFile; fileRef = D9C6287D2B192E2400E1AA60 /* TitlesView.swift */; };
		D9C628812B1933D300E1AA60 /* SetupView.swift in Sources */ = {isa = PBXBuildFile; fileRef = D9C628802B1933D300E1AA60 /* SetupView.swift */; };
		D9C628832B19341200E1AA60 /* HelpView.swift in Sources */ = {isa = PBXBuildFile; fileRef = D9C628822B19341200E1AA60 /* HelpView.swift */; };
		D9C628852B19344B00E1AA60 /* AboutView.swift in Sources */ = {isa = PBXBuildFile; fileRef = D9C628842B19344B00E1AA60 /* AboutView.swift */; };
		D9C628872B1943E400E1AA60 /* test.swift in Sources */ = {isa = PBXBuildFile; fileRef = D9C628862B1943E400E1AA60 /* test.swift */; };
/* End PBXBuildFile section */

/* Begin PBXContainerItemProxy section */
		D90A43E62B0961C500CFEFA6 /* PBXContainerItemProxy */ = {
			isa = PBXContainerItemProxy;
			containerPortal = D90A43C82B0961C400CFEFA6 /* Project object */;
			proxyType = 1;
			remoteGlobalIDString = D90A43CF2B0961C400CFEFA6;
			remoteInfo = "Arduino Telent chess";
		};
		D90A43F02B0961C500CFEFA6 /* PBXContainerItemProxy */ = {
			isa = PBXContainerItemProxy;
			containerPortal = D90A43C82B0961C400CFEFA6 /* Project object */;
			proxyType = 1;
			remoteGlobalIDString = D90A43CF2B0961C400CFEFA6;
			remoteInfo = "Arduino Telent chess";
		};
/* End PBXContainerItemProxy section */

/* Begin PBXFileReference section */
		D90A43D02B0961C400CFEFA6 /* Arduino Telent chess.app */ = {isa = PBXFileReference; explicitFileType = wrapper.application; includeInIndex = 0; path = "Arduino Telent chess.app"; sourceTree = BUILT_PRODUCTS_DIR; };
		D90A43D32B0961C400CFEFA6 /* Arduino_Telent_chessApp.swift */ = {isa = PBXFileReference; lastKnownFileType = sourcecode.swift; path = Arduino_Telent_chessApp.swift; sourceTree = "<group>"; };
		D90A43D52B0961C400CFEFA6 /* MainContentView.swift */ = {isa = PBXFileReference; lastKnownFileType = sourcecode.swift; path = MainContentView.swift; sourceTree = "<group>"; };
		D90A43D72B0961C500CFEFA6 /* Assets.xcassets */ = {isa = PBXFileReference; lastKnownFileType = folder.assetcatalog; path = Assets.xcassets; sourceTree = "<group>"; };
		D90A43DA2B0961C500CFEFA6 /* Preview Assets.xcassets */ = {isa = PBXFileReference; lastKnownFileType = folder.assetcatalog; path = "Preview Assets.xcassets"; sourceTree = "<group>"; };
		D90A43DC2B0961C500CFEFA6 /* Persistence.swift */ = {isa = PBXFileReference; lastKnownFileType = sourcecode.swift; path = Persistence.swift; sourceTree = "<group>"; };
		D90A43DF2B0961C500CFEFA6 /* Arduino_Telent_chess.xcdatamodel */ = {isa = PBXFileReference; lastKnownFileType = wrapper.xcdatamodel; path = Arduino_Telent_chess.xcdatamodel; sourceTree = "<group>"; };
		D90A43E52B0961C500CFEFA6 /* Arduino Telent chessTests.xctest */ = {isa = PBXFileReference; explicitFileType = wrapper.cfbundle; includeInIndex = 0; path = "Arduino Telent chessTests.xctest"; sourceTree = BUILT_PRODUCTS_DIR; };
		D90A43E92B0961C500CFEFA6 /* Arduino_Telent_chessTests.swift */ = {isa = PBXFileReference; lastKnownFileType = sourcecode.swift; path = Arduino_Telent_chessTests.swift; sourceTree = "<group>"; };
		D90A43EF2B0961C500CFEFA6 /* Arduino Telent chessUITests.xctest */ = {isa = PBXFileReference; explicitFileType = wrapper.cfbundle; includeInIndex = 0; path = "Arduino Telent chessUITests.xctest"; sourceTree = BUILT_PRODUCTS_DIR; };
		D90A43F32B0961C500CFEFA6 /* Arduino_Telent_chessUITests.swift */ = {isa = PBXFileReference; lastKnownFileType = sourcecode.swift; path = Arduino_Telent_chessUITests.swift; sourceTree = "<group>"; };
		D90A43F52B0961C500CFEFA6 /* Arduino_Telent_chessUITestsLaunchTests.swift */ = {isa = PBXFileReference; lastKnownFileType = sourcecode.swift; path = Arduino_Telent_chessUITestsLaunchTests.swift; sourceTree = "<group>"; };
		D96178242B1A871D00120EAE /* VrersionBuild.swift */ = {isa = PBXFileReference; fileEncoding = 4; lastKnownFileType = sourcecode.swift; path = VrersionBuild.swift; sourceTree = "<group>"; };
		D96A69442B0AAD7F00AB7F2E /* Buttons.swift */ = {isa = PBXFileReference; lastKnownFileType = sourcecode.swift; path = Buttons.swift; sourceTree = "<group>"; };
		D9C6287B2B17F3B300E1AA60 /* GameView.swift */ = {isa = PBXFileReference; lastKnownFileType = sourcecode.swift; path = GameView.swift; sourceTree = "<group>"; };
		D9C6287D2B192E2400E1AA60 /* TitlesView.swift */ = {isa = PBXFileReference; lastKnownFileType = sourcecode.swift; path = TitlesView.swift; sourceTree = "<group>"; };
		D9C628802B1933D300E1AA60 /* SetupView.swift */ = {isa = PBXFileReference; fileEncoding = 4; lastKnownFileType = sourcecode.swift; path = SetupView.swift; sourceTree = "<group>"; };
		D9C628822B19341200E1AA60 /* HelpView.swift */ = {isa = PBXFileReference; fileEncoding = 4; lastKnownFileType = sourcecode.swift; path = HelpView.swift; sourceTree = "<group>"; };
		D9C628842B19344B00E1AA60 /* AboutView.swift */ = {isa = PBXFileReference; fileEncoding = 4; lastKnownFileType = sourcecode.swift; path = AboutView.swift; sourceTree = "<group>"; };
		D9C628862B1943E400E1AA60 /* test.swift */ = {isa = PBXFileReference; lastKnownFileType = sourcecode.swift; path = test.swift; sourceTree = "<group>"; };
/* End PBXFileReference section */

/* Begin PBXFrameworksBuildPhase section */
		D90A43CD2B0961C400CFEFA6 /* Frameworks */ = {
			isa = PBXFrameworksBuildPhase;
			buildActionMask = 2147483647;
			files = (
			);
			runOnlyForDeploymentPostprocessing = 0;
		};
		D90A43E22B0961C500CFEFA6 /* Frameworks */ = {
			isa = PBXFrameworksBuildPhase;
			buildActionMask = 2147483647;
			files = (
			);
			runOnlyForDeploymentPostprocessing = 0;
		};
		D90A43EC2B0961C500CFEFA6 /* Frameworks */ = {
			isa = PBXFrameworksBuildPhase;
			buildActionMask = 2147483647;
			files = (
			);
			runOnlyForDeploymentPostprocessing = 0;
		};
/* End PBXFrameworksBuildPhase section */

/* Begin PBXGroup section */
		D90A43C72B0961C400CFEFA6 = {
			isa = PBXGroup;
			children = (
				D90A43D22B0961C400CFEFA6 /* Arduino Telent chess */,
				D90A43E82B0961C500CFEFA6 /* Arduino Telent chessTests */,
				D90A43F22B0961C500CFEFA6 /* Arduino Telent chessUITests */,
				D90A43D12B0961C400CFEFA6 /* Products */,
			);
			sourceTree = "<group>";
		};
		D90A43D12B0961C400CFEFA6 /* Products */ = {
			isa = PBXGroup;
			children = (
				D90A43D02B0961C400CFEFA6 /* Arduino Telent chess.app */,
				D90A43E52B0961C500CFEFA6 /* Arduino Telent chessTests.xctest */,
				D90A43EF2B0961C500CFEFA6 /* Arduino Telent chessUITests.xctest */,
			);
			name = Products;
			sourceTree = "<group>";
		};
		D90A43D22B0961C400CFEFA6 /* Arduino Telent chess */ = {
			isa = PBXGroup;
			children = (
				D96A69432B0AAD4C00AB7F2E /* Components */,
				D90A43D32B0961C400CFEFA6 /* Arduino_Telent_chessApp.swift */,
				D90A43D52B0961C400CFEFA6 /* MainContentView.swift */,
				D9C628862B1943E400E1AA60 /* test.swift */,
				D90A43D72B0961C500CFEFA6 /* Assets.xcassets */,
				D90A43DC2B0961C500CFEFA6 /* Persistence.swift */,
				D90A43DE2B0961C500CFEFA6 /* Arduino_Telent_chess.xcdatamodeld */,
				D90A43D92B0961C500CFEFA6 /* Preview Content */,
				D9C6287F2B19335E00E1AA60 /* AppViews */,
			);
			path = "Arduino Telent chess";
			sourceTree = "<group>";
		};
		D90A43D92B0961C500CFEFA6 /* Preview Content */ = {
			isa = PBXGroup;
			children = (
				D90A43DA2B0961C500CFEFA6 /* Preview Assets.xcassets */,
			);
			path = "Preview Content";
			sourceTree = "<group>";
		};
		D90A43E82B0961C500CFEFA6 /* Arduino Telent chessTests */ = {
			isa = PBXGroup;
			children = (
				D90A43E92B0961C500CFEFA6 /* Arduino_Telent_chessTests.swift */,
			);
			path = "Arduino Telent chessTests";
			sourceTree = "<group>";
		};
		D90A43F22B0961C500CFEFA6 /* Arduino Telent chessUITests */ = {
			isa = PBXGroup;
			children = (
				D90A43F32B0961C500CFEFA6 /* Arduino_Telent_chessUITests.swift */,
				D90A43F52B0961C500CFEFA6 /* Arduino_Telent_chessUITestsLaunchTests.swift */,
			);
			path = "Arduino Telent chessUITests";
			sourceTree = "<group>";
		};
		D96A69432B0AAD4C00AB7F2E /* Components */ = {
			isa = PBXGroup;
			children = (
				D96A69442B0AAD7F00AB7F2E /* Buttons.swift */,
				D9C6287D2B192E2400E1AA60 /* TitlesView.swift */,
				D96178242B1A871D00120EAE /* VrersionBuild.swift */,
			);
			path = Components;
			sourceTree = "<group>";
		};
		D9C6287F2B19335E00E1AA60 /* AppViews */ = {
			isa = PBXGroup;
			children = (
				D9C6287B2B17F3B300E1AA60 /* GameView.swift */,
				D9C628802B1933D300E1AA60 /* SetupView.swift */,
				D9C628842B19344B00E1AA60 /* AboutView.swift */,
				D9C628822B19341200E1AA60 /* HelpView.swift */,
			);
			name = AppViews;
			sourceTree = "<group>";
		};
/* End PBXGroup section */

/* Begin PBXNativeTarget section */
		D90A43CF2B0961C400CFEFA6 /* Arduino Telent chess */ = {
			isa = PBXNativeTarget;
			buildConfigurationList = D90A43F92B0961C500CFEFA6 /* Build configuration list for PBXNativeTarget "Arduino Telent chess" */;
			buildPhases = (
				D90A43CC2B0961C400CFEFA6 /* Sources */,
				D90A43CD2B0961C400CFEFA6 /* Frameworks */,
				D90A43CE2B0961C400CFEFA6 /* Resources */,
			);
			buildRules = (
			);
			dependencies = (
			);
			name = "Arduino Telent chess";
			productName = "Arduino Telent chess";
			productReference = D90A43D02B0961C400CFEFA6 /* Arduino Telent chess.app */;
			productType = "com.apple.product-type.application";
		};
		D90A43E42B0961C500CFEFA6 /* Arduino Telent chessTests */ = {
			isa = PBXNativeTarget;
			buildConfigurationList = D90A43FC2B0961C500CFEFA6 /* Build configuration list for PBXNativeTarget "Arduino Telent chessTests" */;
			buildPhases = (
				D90A43E12B0961C500CFEFA6 /* Sources */,
				D90A43E22B0961C500CFEFA6 /* Frameworks */,
				D90A43E32B0961C500CFEFA6 /* Resources */,
			);
			buildRules = (
			);
			dependencies = (
				D90A43E72B0961C500CFEFA6 /* PBXTargetDependency */,
			);
			name = "Arduino Telent chessTests";
			productName = "Arduino Telent chessTests";
			productReference = D90A43E52B0961C500CFEFA6 /* Arduino Telent chessTests.xctest */;
			productType = "com.apple.product-type.bundle.unit-test";
		};
		D90A43EE2B0961C500CFEFA6 /* Arduino Telent chessUITests */ = {
			isa = PBXNativeTarget;
			buildConfigurationList = D90A43FF2B0961C500CFEFA6 /* Build configuration list for PBXNativeTarget "Arduino Telent chessUITests" */;
			buildPhases = (
				D90A43EB2B0961C500CFEFA6 /* Sources */,
				D90A43EC2B0961C500CFEFA6 /* Frameworks */,
				D90A43ED2B0961C500CFEFA6 /* Resources */,
			);
			buildRules = (
			);
			dependencies = (
				D90A43F12B0961C500CFEFA6 /* PBXTargetDependency */,
			);
			name = "Arduino Telent chessUITests";
			productName = "Arduino Telent chessUITests";
			productReference = D90A43EF2B0961C500CFEFA6 /* Arduino Telent chessUITests.xctest */;
			productType = "com.apple.product-type.bundle.ui-testing";
		};
/* End PBXNativeTarget section */

/* Begin PBXProject section */
		D90A43C82B0961C400CFEFA6 /* Project object */ = {
			isa = PBXProject;
			attributes = {
				BuildIndependentTargetsInParallel = 1;
				LastSwiftUpdateCheck = 1500;
				LastUpgradeCheck = 1500;
				TargetAttributes = {
					D90A43CF2B0961C400CFEFA6 = {
						CreatedOnToolsVersion = 15.0.1;
					};
					D90A43E42B0961C500CFEFA6 = {
						CreatedOnToolsVersion = 15.0.1;
						TestTargetID = D90A43CF2B0961C400CFEFA6;
					};
					D90A43EE2B0961C500CFEFA6 = {
						CreatedOnToolsVersion = 15.0.1;
						TestTargetID = D90A43CF2B0961C400CFEFA6;
					};
				};
			};
			buildConfigurationList = D90A43CB2B0961C400CFEFA6 /* Build configuration list for PBXProject "Arduino Telent chess" */;
			compatibilityVersion = "Xcode 14.0";
			developmentRegion = en;
			hasScannedForEncodings = 0;
			knownRegions = (
				en,
				Base,
			);
			mainGroup = D90A43C72B0961C400CFEFA6;
			productRefGroup = D90A43D12B0961C400CFEFA6 /* Products */;
			projectDirPath = "";
			projectRoot = "";
			targets = (
				D90A43CF2B0961C400CFEFA6 /* Arduino Telent chess */,
				D90A43E42B0961C500CFEFA6 /* Arduino Telent chessTests */,
				D90A43EE2B0961C500CFEFA6 /* Arduino Telent chessUITests */,
			);
		};
/* End PBXProject section */

/* Begin PBXResourcesBuildPhase section */
		D90A43CE2B0961C400CFEFA6 /* Resources */ = {
			isa = PBXResourcesBuildPhase;
			buildActionMask = 2147483647;
			files = (
				D90A43DB2B0961C500CFEFA6 /* Preview Assets.xcassets in Resources */,
				D90A43D82B0961C500CFEFA6 /* Assets.xcassets in Resources */,
			);
			runOnlyForDeploymentPostprocessing = 0;
		};
		D90A43E32B0961C500CFEFA6 /* Resources */ = {
			isa = PBXResourcesBuildPhase;
			buildActionMask = 2147483647;
			files = (
			);
			runOnlyForDeploymentPostprocessing = 0;
		};
		D90A43ED2B0961C500CFEFA6 /* Resources */ = {
			isa = PBXResourcesBuildPhase;
			buildActionMask = 2147483647;
			files = (
			);
			runOnlyForDeploymentPostprocessing = 0;
		};
/* End PBXResourcesBuildPhase section */

/* Begin PBXSourcesBuildPhase section */
		D90A43CC2B0961C400CFEFA6 /* Sources */ = {
			isa = PBXSourcesBuildPhase;
			buildActionMask = 2147483647;
			files = (
				D96A69452B0AAD7F00AB7F2E /* Buttons.swift in Sources */,
				D9C6287E2B192E2400E1AA60 /* TitlesView.swift in Sources */,
				D90A43DD2B0961C500CFEFA6 /* Persistence.swift in Sources */,
				D90A43E02B0961C500CFEFA6 /* Arduino_Telent_chess.xcdatamodeld in Sources */,
				D9C628852B19344B00E1AA60 /* AboutView.swift in Sources */,
				D9C628832B19341200E1AA60 /* HelpView.swift in Sources */,
				D96178252B1A871D00120EAE /* VrersionBuild.swift in Sources */,
				D90A43D62B0961C400CFEFA6 /* MainContentView.swift in Sources */,
				D9C6287C2B17F3B300E1AA60 /* GameView.swift in Sources */,
				D9C628812B1933D300E1AA60 /* SetupView.swift in Sources */,
				D90A43D42B0961C400CFEFA6 /* Arduino_Telent_chessApp.swift in Sources */,
				D9C628872B1943E400E1AA60 /* test.swift in Sources */,
			);
			runOnlyForDeploymentPostprocessing = 0;
		};
		D90A43E12B0961C500CFEFA6 /* Sources */ = {
			isa = PBXSourcesBuildPhase;
			buildActionMask = 2147483647;
			files = (
				D90A43EA2B0961C500CFEFA6 /* Arduino_Telent_chessTests.swift in Sources */,
			);
			runOnlyForDeploymentPostprocessing = 0;
		};
		D90A43EB2B0961C500CFEFA6 /* Sources */ = {
			isa = PBXSourcesBuildPhase;
			buildActionMask = 2147483647;
			files = (
				D90A43F62B0961C500CFEFA6 /* Arduino_Telent_chessUITestsLaunchTests.swift in Sources */,
				D90A43F42B0961C500CFEFA6 /* Arduino_Telent_chessUITests.swift in Sources */,
			);
			runOnlyForDeploymentPostprocessing = 0;
		};
/* End PBXSourcesBuildPhase section */

/* Begin PBXTargetDependency section */
		D90A43E72B0961C500CFEFA6 /* PBXTargetDependency */ = {
			isa = PBXTargetDependency;
			target = D90A43CF2B0961C400CFEFA6 /* Arduino Telent chess */;
			targetProxy = D90A43E62B0961C500CFEFA6 /* PBXContainerItemProxy */;
		};
		D90A43F12B0961C500CFEFA6 /* PBXTargetDependency */ = {
			isa = PBXTargetDependency;
			target = D90A43CF2B0961C400CFEFA6 /* Arduino Telent chess */;
			targetProxy = D90A43F02B0961C500CFEFA6 /* PBXContainerItemProxy */;
		};
/* End PBXTargetDependency section */

/* Begin XCBuildConfiguration section */
		D90A43F72B0961C500CFEFA6 /* Debug */ = {
			isa = XCBuildConfiguration;
			buildSettings = {
				ALWAYS_SEARCH_USER_PATHS = NO;
				ASSETCATALOG_COMPILER_GENERATE_SWIFT_ASSET_SYMBOL_EXTENSIONS = YES;
				CLANG_ANALYZER_NONNULL = YES;
				CLANG_ANALYZER_NUMBER_OBJECT_CONVERSION = YES_AGGRESSIVE;
				CLANG_CXX_LANGUAGE_STANDARD = "gnu++20";
				CLANG_ENABLE_MODULES = YES;
				CLANG_ENABLE_OBJC_ARC = YES;
				CLANG_ENABLE_OBJC_WEAK = YES;
				CLANG_WARN_BLOCK_CAPTURE_AUTORELEASING = YES;
				CLANG_WARN_BOOL_CONVERSION = YES;
				CLANG_WARN_COMMA = YES;
				CLANG_WARN_CONSTANT_CONVERSION = YES;
				CLANG_WARN_DEPRECATED_OBJC_IMPLEMENTATIONS = YES;
				CLANG_WARN_DIRECT_OBJC_ISA_USAGE = YES_ERROR;
				CLANG_WARN_DOCUMENTATION_COMMENTS = YES;
				CLANG_WARN_EMPTY_BODY = YES;
				CLANG_WARN_ENUM_CONVERSION = YES;
				CLANG_WARN_INFINITE_RECURSION = YES;
				CLANG_WARN_INT_CONVERSION = YES;
				CLANG_WARN_NON_LITERAL_NULL_CONVERSION = YES;
				CLANG_WARN_OBJC_IMPLICIT_RETAIN_SELF = YES;
				CLANG_WARN_OBJC_LITERAL_CONVERSION = YES;
				CLANG_WARN_OBJC_ROOT_CLASS = YES_ERROR;
				CLANG_WARN_QUOTED_INCLUDE_IN_FRAMEWORK_HEADER = YES;
				CLANG_WARN_RANGE_LOOP_ANALYSIS = YES;
				CLANG_WARN_STRICT_PROTOTYPES = YES;
				CLANG_WARN_SUSPICIOUS_MOVE = YES;
				CLANG_WARN_UNGUARDED_AVAILABILITY = YES_AGGRESSIVE;
				CLANG_WARN_UNREACHABLE_CODE = YES;
				CLANG_WARN__DUPLICATE_METHOD_MATCH = YES;
				COPY_PHASE_STRIP = NO;
				DEBUG_INFORMATION_FORMAT = dwarf;
				ENABLE_STRICT_OBJC_MSGSEND = YES;
				ENABLE_TESTABILITY = YES;
				ENABLE_USER_SCRIPT_SANDBOXING = YES;
				GCC_C_LANGUAGE_STANDARD = gnu17;
				GCC_DYNAMIC_NO_PIC = NO;
				GCC_NO_COMMON_BLOCKS = YES;
				GCC_OPTIMIZATION_LEVEL = 0;
				GCC_PREPROCESSOR_DEFINITIONS = (
					"DEBUG=1",
					"$(inherited)",
				);
				GCC_WARN_64_TO_32_BIT_CONVERSION = YES;
				GCC_WARN_ABOUT_RETURN_TYPE = YES_ERROR;
				GCC_WARN_UNDECLARED_SELECTOR = YES;
				GCC_WARN_UNINITIALIZED_AUTOS = YES_AGGRESSIVE;
				GCC_WARN_UNUSED_FUNCTION = YES;
				GCC_WARN_UNUSED_VARIABLE = YES;
				IPHONEOS_DEPLOYMENT_TARGET = 17.0;
				LOCALIZATION_PREFERS_STRING_CATALOGS = YES;
				MTL_ENABLE_DEBUG_INFO = INCLUDE_SOURCE;
				MTL_FAST_MATH = YES;
				ONLY_ACTIVE_ARCH = YES;
				SDKROOT = iphoneos;
				SWIFT_ACTIVE_COMPILATION_CONDITIONS = "DEBUG $(inherited)";
				SWIFT_OPTIMIZATION_LEVEL = "-Onone";
			};
			name = Debug;
		};
		D90A43F82B0961C500CFEFA6 /* Release */ = {
			isa = XCBuildConfiguration;
			buildSettings = {
				ALWAYS_SEARCH_USER_PATHS = NO;
				ASSETCATALOG_COMPILER_GENERATE_SWIFT_ASSET_SYMBOL_EXTENSIONS = YES;
				CLANG_ANALYZER_NONNULL = YES;
				CLANG_ANALYZER_NUMBER_OBJECT_CONVERSION = YES_AGGRESSIVE;
				CLANG_CXX_LANGUAGE_STANDARD = "gnu++20";
				CLANG_ENABLE_MODULES = YES;
				CLANG_ENABLE_OBJC_ARC = YES;
				CLANG_ENABLE_OBJC_WEAK = YES;
				CLANG_WARN_BLOCK_CAPTURE_AUTORELEASING = YES;
				CLANG_WARN_BOOL_CONVERSION = YES;
				CLANG_WARN_COMMA = YES;
				CLANG_WARN_CONSTANT_CONVERSION = YES;
				CLANG_WARN_DEPRECATED_OBJC_IMPLEMENTATIONS = YES;
				CLANG_WARN_DIRECT_OBJC_ISA_USAGE = YES_ERROR;
				CLANG_WARN_DOCUMENTATION_COMMENTS = YES;
				CLANG_WARN_EMPTY_BODY = YES;
				CLANG_WARN_ENUM_CONVERSION = YES;
				CLANG_WARN_INFINITE_RECURSION = YES;
				CLANG_WARN_INT_CONVERSION = YES;
				CLANG_WARN_NON_LITERAL_NULL_CONVERSION = YES;
				CLANG_WARN_OBJC_IMPLICIT_RETAIN_SELF = YES;
				CLANG_WARN_OBJC_LITERAL_CONVERSION = YES;
				CLANG_WARN_OBJC_ROOT_CLASS = YES_ERROR;
				CLANG_WARN_QUOTED_INCLUDE_IN_FRAMEWORK_HEADER = YES;
				CLANG_WARN_RANGE_LOOP_ANALYSIS = YES;
				CLANG_WARN_STRICT_PROTOTYPES = YES;
				CLANG_WARN_SUSPICIOUS_MOVE = YES;
				CLANG_WARN_UNGUARDED_AVAILABILITY = YES_AGGRESSIVE;
				CLANG_WARN_UNREACHABLE_CODE = YES;
				CLANG_WARN__DUPLICATE_METHOD_MATCH = YES;
				COPY_PHASE_STRIP = NO;
				DEBUG_INFORMATION_FORMAT = "dwarf-with-dsym";
				ENABLE_NS_ASSERTIONS = NO;
				ENABLE_STRICT_OBJC_MSGSEND = YES;
				ENABLE_USER_SCRIPT_SANDBOXING = YES;
				GCC_C_LANGUAGE_STANDARD = gnu17;
				GCC_NO_COMMON_BLOCKS = YES;
				GCC_WARN_64_TO_32_BIT_CONVERSION = YES;
				GCC_WARN_ABOUT_RETURN_TYPE = YES_ERROR;
				GCC_WARN_UNDECLARED_SELECTOR = YES;
				GCC_WARN_UNINITIALIZED_AUTOS = YES_AGGRESSIVE;
				GCC_WARN_UNUSED_FUNCTION = YES;
				GCC_WARN_UNUSED_VARIABLE = YES;
				IPHONEOS_DEPLOYMENT_TARGET = 17.0;
				LOCALIZATION_PREFERS_STRING_CATALOGS = YES;
				MTL_ENABLE_DEBUG_INFO = NO;
				MTL_FAST_MATH = YES;
				SDKROOT = iphoneos;
				SWIFT_COMPILATION_MODE = wholemodule;
				VALIDATE_PRODUCT = YES;
			};
			name = Release;
		};
		D90A43FA2B0961C500CFEFA6 /* Debug */ = {
			isa = XCBuildConfiguration;
			buildSettings = {
				ASSETCATALOG_COMPILER_APPICON_NAME = AppIcon;
				ASSETCATALOG_COMPILER_GLOBAL_ACCENT_COLOR_NAME = AccentColor;
				CODE_SIGN_STYLE = Automatic;
				CURRENT_PROJECT_VERSION = 1;
				DEVELOPMENT_ASSET_PATHS = "\"Arduino Telent chess/Preview Content\"";
				DEVELOPMENT_TEAM = 6FJ7HB3N3G;
				ENABLE_PREVIEWS = YES;
				GENERATE_INFOPLIST_FILE = YES;
				INFOPLIST_KEY_UIApplicationSceneManifest_Generation = YES;
				INFOPLIST_KEY_UIApplicationSupportsIndirectInputEvents = YES;
				INFOPLIST_KEY_UILaunchScreen_Generation = YES;
				INFOPLIST_KEY_UISupportedInterfaceOrientations = "UIInterfaceOrientationPortrait UIInterfaceOrientationPortraitUpsideDown";
				LD_RUNPATH_SEARCH_PATHS = (
					"$(inherited)",
					"@executable_path/Frameworks",
				);
				MARKETING_VERSION = 1.0;
				PRODUCT_BUNDLE_IDENTIFIER = "com.enricomiglino.arduino-telnet-chess.Arduino-Telent-chess";
				PRODUCT_NAME = "$(TARGET_NAME)";
				SWIFT_EMIT_LOC_STRINGS = YES;
				SWIFT_VERSION = 5.0;
				TARGETED_DEVICE_FAMILY = "1,2";
			};
			name = Debug;
		};
		D90A43FB2B0961C500CFEFA6 /* Release */ = {
			isa = XCBuildConfiguration;
			buildSettings = {
				ASSETCATALOG_COMPILER_APPICON_NAME = AppIcon;
				ASSETCATALOG_COMPILER_GLOBAL_ACCENT_COLOR_NAME = AccentColor;
				CODE_SIGN_STYLE = Automatic;
				CURRENT_PROJECT_VERSION = 1;
				DEVELOPMENT_ASSET_PATHS = "\"Arduino Telent chess/Preview Content\"";
				DEVELOPMENT_TEAM = 6FJ7HB3N3G;
				ENABLE_PREVIEWS = YES;
				GENERATE_INFOPLIST_FILE = YES;
				INFOPLIST_KEY_UIApplicationSceneManifest_Generation = YES;
				INFOPLIST_KEY_UIApplicationSupportsIndirectInputEvents = YES;
				INFOPLIST_KEY_UILaunchScreen_Generation = YES;
				INFOPLIST_KEY_UISupportedInterfaceOrientations = "UIInterfaceOrientationPortrait UIInterfaceOrientationPortraitUpsideDown";
				LD_RUNPATH_SEARCH_PATHS = (
					"$(inherited)",
					"@executable_path/Frameworks",
				);
				MARKETING_VERSION = 1.0;
				PRODUCT_BUNDLE_IDENTIFIER = "com.enricomiglino.arduino-telnet-chess.Arduino-Telent-chess";
				PRODUCT_NAME = "$(TARGET_NAME)";
				SWIFT_EMIT_LOC_STRINGS = YES;
				SWIFT_VERSION = 5.0;
				TARGETED_DEVICE_FAMILY = "1,2";
			};
			name = Release;
		};
		D90A43FD2B0961C500CFEFA6 /* Debug */ = {
			isa = XCBuildConfiguration;
			buildSettings = {
				ALWAYS_EMBED_SWIFT_STANDARD_LIBRARIES = YES;
				BUNDLE_LOADER = "$(TEST_HOST)";
				CODE_SIGN_STYLE = Automatic;
				CURRENT_PROJECT_VERSION = 1;
				DEVELOPMENT_TEAM = 6FJ7HB3N3G;
				GENERATE_INFOPLIST_FILE = YES;
				IPHONEOS_DEPLOYMENT_TARGET = 17.0;
				MARKETING_VERSION = 1.0;
				PRODUCT_BUNDLE_IDENTIFIER = "com.enricomiglino.arduino-telnet-chess.Arduino-Telent-chessTests";
				PRODUCT_NAME = "$(TARGET_NAME)";
				SWIFT_EMIT_LOC_STRINGS = NO;
				SWIFT_VERSION = 5.0;
				TARGETED_DEVICE_FAMILY = "1,2";
				TEST_HOST = "$(BUILT_PRODUCTS_DIR)/Arduino Telent chess.app/$(BUNDLE_EXECUTABLE_FOLDER_PATH)/Arduino Telent chess";
			};
			name = Debug;
		};
		D90A43FE2B0961C500CFEFA6 /* Release */ = {
			isa = XCBuildConfiguration;
			buildSettings = {
				ALWAYS_EMBED_SWIFT_STANDARD_LIBRARIES = YES;
				BUNDLE_LOADER = "$(TEST_HOST)";
				CODE_SIGN_STYLE = Automatic;
				CURRENT_PROJECT_VERSION = 1;
				DEVELOPMENT_TEAM = 6FJ7HB3N3G;
				GENERATE_INFOPLIST_FILE = YES;
				IPHONEOS_DEPLOYMENT_TARGET = 17.0;
				MARKETING_VERSION = 1.0;
				PRODUCT_BUNDLE_IDENTIFIER = "com.enricomiglino.arduino-telnet-chess.Arduino-Telent-chessTests";
				PRODUCT_NAME = "$(TARGET_NAME)";
				SWIFT_EMIT_LOC_STRINGS = NO;
				SWIFT_VERSION = 5.0;
				TARGETED_DEVICE_FAMILY = "1,2";
				TEST_HOST = "$(BUILT_PRODUCTS_DIR)/Arduino Telent chess.app/$(BUNDLE_EXECUTABLE_FOLDER_PATH)/Arduino Telent chess";
			};
			name = Release;
		};
		D90A44002B0961C500CFEFA6 /* Debug */ = {
			isa = XCBuildConfiguration;
			buildSettings = {
				ALWAYS_EMBED_SWIFT_STANDARD_LIBRARIES = YES;
				CODE_SIGN_STYLE = Automatic;
				CURRENT_PROJECT_VERSION = 1;
				DEVELOPMENT_TEAM = 6FJ7HB3N3G;
				GENERATE_INFOPLIST_FILE = YES;
				MARKETING_VERSION = 1.0;
				PRODUCT_BUNDLE_IDENTIFIER = "com.enricomiglino.arduino-telnet-chess.Arduino-Telent-chessUITests";
				PRODUCT_NAME = "$(TARGET_NAME)";
				SWIFT_EMIT_LOC_STRINGS = NO;
				SWIFT_VERSION = 5.0;
				TARGETED_DEVICE_FAMILY = "1,2";
				TEST_TARGET_NAME = "Arduino Telent chess";
			};
			name = Debug;
		};
		D90A44012B0961C500CFEFA6 /* Release */ = {
			isa = XCBuildConfiguration;
			buildSettings = {
				ALWAYS_EMBED_SWIFT_STANDARD_LIBRARIES = YES;
				CODE_SIGN_STYLE = Automatic;
				CURRENT_PROJECT_VERSION = 1;
				DEVELOPMENT_TEAM = 6FJ7HB3N3G;
				GENERATE_INFOPLIST_FILE = YES;
				MARKETING_VERSION = 1.0;
				PRODUCT_BUNDLE_IDENTIFIER = "com.enricomiglino.arduino-telnet-chess.Arduino-Telent-chessUITests";
				PRODUCT_NAME = "$(TARGET_NAME)";
				SWIFT_EMIT_LOC_STRINGS = NO;
				SWIFT_VERSION = 5.0;
				TARGETED_DEVICE_FAMILY = "1,2";
				TEST_TARGET_NAME = "Arduino Telent chess";
			};
			name = Release;
		};
/* End XCBuildConfiguration section */

/* Begin XCConfigurationList section */
		D90A43CB2B0961C400CFEFA6 /* Build configuration list for PBXProject "Arduino Telent chess" */ = {
			isa = XCConfigurationList;
			buildConfigurations = (
				D90A43F72B0961C500CFEFA6 /* Debug */,
				D90A43F82B0961C500CFEFA6 /* Release */,
			);
			defaultConfigurationIsVisible = 0;
			defaultConfigurationName = Release;
		};
		D90A43F92B0961C500CFEFA6 /* Build configuration list for PBXNativeTarget "Arduino Telent chess" */ = {
			isa = XCConfigurationList;
			buildConfigurations = (
				D90A43FA2B0961C500CFEFA6 /* Debug */,
				D90A43FB2B0961C500CFEFA6 /* Release */,
			);
			defaultConfigurationIsVisible = 0;
			defaultConfigurationName = Release;
		};
		D90A43FC2B0961C500CFEFA6 /* Build configuration list for PBXNativeTarget "Arduino Telent chessTests" */ = {
			isa = XCConfigurationList;
			buildConfigurations = (
				D90A43FD2B0961C500CFEFA6 /* Debug */,
				D90A43FE2B0961C500CFEFA6 /* Release */,
			);
			defaultConfigurationIsVisible = 0;
			defaultConfigurationName = Release;
		};
		D90A43FF2B0961C500CFEFA6 /* Build configuration list for PBXNativeTarget "Arduino Telent chessUITests" */ = {
			isa = XCConfigurationList;
			buildConfigurations = (
				D90A44002B0961C500CFEFA6 /* Debug */,
				D90A44012B0961C500CFEFA6 /* Release */,
			);
			defaultConfigurationIsVisible = 0;
			defaultConfigurationName = Release;
		};
/* End XCConfigurationList section */

/* Begin XCVersionGroup section */
		D90A43DE2B0961C500CFEFA6 /* Arduino_Telent_chess.xcdatamodeld */ = {
			isa = XCVersionGroup;
			children = (
				D90A43DF2B0961C500CFEFA6 /* Arduino_Telent_chess.xcdatamodel */,
			);
			currentVersion = D90A43DF2B0961C500CFEFA6 /* Arduino_Telent_chess.xcdatamodel */;
			path = Arduino_Telent_chess.xcdatamodeld;
			sourceTree = "<group>";
			versionGroupType = wrapper.xcdatamodel;
		};
/* End XCVersionGroup section */
	};
	rootObject = D90A43C82B0961C400CFEFA6 /* Project object */;
}
